
Microsoft Visual Studio Solution File, Format Version 12.00
# Visual Studio Version 16
VisualStudioVersion = 16.0.31129.286
MinimumVisualStudioVersion = 10.0.40219.1
Project("{FAE04EC0-301F-11D3-BF4B-00C04F79EFBC}") = "Ejercicio_Tarea1", "Ejercicio_Tarea1.csproj", "{6309E6DA-7526-4ECC-B8D5-4D5336C45607}"
EndProject
Global
	GlobalSection(SolutionConfigurationPlatforms) = preSolution
		Debug|Any CPU = Debug|Any CPU
		Release|Any CPU = Release|Any CPU
	EndGlobalSection
	GlobalSection(ProjectConfigurationPlatforms) = postSolution
		{6309E6DA-7526-4ECC-B8D5-4D5336C45607}.Debug|Any CPU.ActiveCfg = Debug|Any CPU
		{6309E6DA-7526-4ECC-B8D5-4D5336C45607}.Debug|Any CPU.Build.0 = Debug|Any CPU
		{6309E6DA-7526-4ECC-B8D5-4D5336C45607}.Release|Any CPU.ActiveCfg = Release|Any CPU
		{6309E6DA-7526-4ECC-B8D5-4D5336C45607}.Release|Any CPU.Build.0 = Release|Any CPU
	EndGlobalSection
	GlobalSection(SolutionProperties) = preSolution
		HideSolutionNode = FALSE
	EndGlobalSection
	GlobalSection(ExtensibilityGlobals) = postSolution
		SolutionGuid = {FD5B1066-30C5-4CE7-B8A7-6C54BED03CC7}
	EndGlobalSection
EndGlobal
